<?xml version="1.0" encoding="utf-8"?>
<Project ToolsVersion="4.0" xmlns="http://schemas.microsoft.com/developer/msbuild/2003">
  <ItemGroup>
    <Filter Include="Source Files">
      <UniqueIdentifier>{4FC737F1-C7A5-4376-A066-2A32D752A2FF}</UniqueIdentifier>
      <Extensions>cpp;c;cc;cxx;c++;cppm;ixx;def;odl;idl;hpj;bat;asm;asmx</Extensions>
    </Filter>
    <Filter Include="Header Files">
      <UniqueIdentifier>{93995380-89BD-4b04-88EB-625FBE52EBFB}</UniqueIdentifier>
      <Extensions>h;hh;hpp;hxx;h++;hm;inl;inc;ipp;xsd</Extensions>
    </Filter>
    <Filter Include="Resource Files">
      <UniqueIdentifier>{67DA6AB6-F800-4c08-8B7A-83BB121AAD01}</UniqueIdentifier>
      <Extensions>rc;ico;cur;bmp;dlg;rc2;rct;bin;rgs;gif;jpg;jpeg;jpe;resx;tiff;tif;png;wav;mfcribbon-ms</Extensions>
    </Filter>
    <Filter Include="Header Files\ProtoBuf">
      <UniqueIdentifier>{d14419cc-4d7f-4901-b40f-995fe1741515}</UniqueIdentifier>
    </Filter>
    <Filter Include="Source Files\ProtoBuf">
      <UniqueIdentifier>{992ffcbd-5edb-4838-9191-56750986880a}</UniqueIdentifier>
    </Filter>
    <Filter Include="Header Files\Server">
      <UniqueIdentifier>{a0ed45f3-eb11-4088-b3d2-22f44d0659c8}</UniqueIdentifier>
    </Filter>
    <Filter Include="Source Files\Server">
      <UniqueIdentifier>{8a4d4cb0-517b-4eb7-9ccd-940d476524a7}</UniqueIdentifier>
    </Filter>
  </ItemGroup>
  <ItemGroup>
    <ClCompile Include="main.cpp">
      <Filter>Source Files</Filter>
    </ClCompile>
    <ClCompile Include="stdafx.cpp">
      <Filter>Source Files</Filter>
    </ClCompile>
    <ClCompile Include="TestBehavior.cpp">
      <Filter>Source Files</Filter>
    </ClCompile>
    <ClCompile Include="HitChecker.cpp">
      <Filter>Source Files</Filter>
    </ClCompile>
    <ClCompile Include="ShaderChecker.cpp">
      <Filter>Source Files</Filter>
    </ClCompile>
    <ClCompile Include="SquareParticleEmitter.cpp">
      <Filter>Source Files</Filter>
    </ClCompile>
    <ClCompile Include="FluidSimulation.cpp">
      <Filter>Source Files</Filter>
    </ClCompile>
    <ClCompile Include="LogoSceneManager.cpp">
      <Filter>Source Files</Filter>
    </ClCompile>
    <ClCompile Include="ProtBuf\EngineEditorCommunicate.pb.cc">
      <Filter>Source Files\ProtoBuf</Filter>
    </ClCompile>
    <ClCompile Include="ProtBuf\EngineEditorCommunicate.grpc.pb.cc">
      <Filter>Source Files\ProtoBuf</Filter>
    </ClCompile>
    <ClCompile Include="Server\RuntimeServer.cpp">
      <Filter>Source Files\Server</Filter>
    </ClCompile>
    <ClCompile Include="ConfigManager.cpp">
      <Filter>Source Files</Filter>
    </ClCompile>
    <ClCompile Include="Pause.cpp">
      <Filter>Source Files</Filter>
    </ClCompile>
    <ClCompile Include="DefaultGameComponent.cpp">
      <Filter>Source Files</Filter>
    </ClCompile>
    <ClCompile Include="ArrowEffect.cpp">
      <Filter>Source Files</Filter>
    </ClCompile>
    <ClCompile Include="BackGround.cpp">
      <Filter>Source Files</Filter>
    </ClCompile>
    <ClCompile Include="Block.cpp">
      <Filter>Source Files</Filter>
    </ClCompile>
    <ClCompile Include="BurstManager.cpp">
      <Filter>Source Files</Filter>
    </ClCompile>
    <ClCompile Include="CameraController.cpp">
      <Filter>Source Files</Filter>
    </ClCompile>
    <ClCompile Include="DefaultGoal.cpp">
      <Filter>Source Files</Filter>
    </ClCompile>
    <ClCompile Include="EasyGoal.cpp">
      <Filter>Source Files</Filter>
    </ClCompile>
    <ClCompile Include="GameSettings.cpp">
      <Filter>Source Files</Filter>
    </ClCompile>
    <ClCompile Include="InputManager.cpp">
      <Filter>Source Files</Filter>
    </ClCompile>
    <ClCompile Include="Player.cpp">
      <Filter>Source Files</Filter>
    </ClCompile>
    <ClCompile Include="GoalAura.cpp">
      <Filter>Source Files</Filter>
    </ClCompile>
    <ClCompile Include="InvisibleBlockAura.cpp">
      <Filter>Source Files</Filter>
    </ClCompile>
    <ClCompile Include="InvisibleBlock.cpp">
      <Filter>Source Files</Filter>
    </ClCompile>
    <ClCompile Include="InvisibleBlockManager.cpp">
      <Filter>Source Files</Filter>
    </ClCompile>
    <ClCompile Include="Map.cpp">
      <Filter>Source Files</Filter>
    </ClCompile>
    <ClCompile Include="NumberManager.cpp">
      <Filter>Source Files</Filter>
    </ClCompile>
    <ClCompile Include="Ripple.cpp">
      <Filter>Source Files</Filter>
    </ClCompile>
    <ClCompile Include="Shake.cpp">
      <Filter>Source Files</Filter>
    </ClCompile>
    <ClCompile Include="StageSelectManager.cpp">
      <Filter>Source Files</Filter>
    </ClCompile>
    <ClCompile Include="StartPlayerDirecting.cpp">
      <Filter>Source Files</Filter>
    </ClCompile>
    <ClCompile Include="CameraMesh.cpp">
      <Filter>Source Files</Filter>
    </ClCompile>
    <ClCompile Include="ThanksSceneManager.cpp">
      <Filter>Source Files</Filter>
    </ClCompile>
    <ClCompile Include="TitleBlock.cpp">
      <Filter>Source Files</Filter>
    </ClCompile>
    <ClCompile Include="TitleSceneManager.cpp">
      <Filter>Source Files</Filter>
    </ClCompile>
    <ClCompile Include="NextStageBlock.cpp">
      <Filter>Source Files</Filter>
    </ClCompile>
    <ClCompile Include="StagePreviewParent.cpp">
      <Filter>Source Files</Filter>
    </ClCompile>
    <ClCompile Include="MapEditor.cpp">
      <Filter>Source Files</Filter>
    </ClCompile>
    <ClCompile Include="EyeBlock.cpp">
      <Filter>Source Files</Filter>
    </ClCompile>
    <ClCompile Include="Glass.cpp">
      <Filter>Source Files</Filter>
    </ClCompile>
    <ClCompile Include="SeenObject.cpp">
      <Filter>Source Files</Filter>
    </ClCompile>
    <ClCompile Include="FloatMotion.cpp">
      <Filter>Source Files</Filter>
    </ClCompile>
    <ClCompile Include="CubeAnimation.cpp">
      <Filter>Source Files</Filter>
    </ClCompile>
  </ItemGroup>
  <ItemGroup>
    <ClInclude Include="stdafx_u.h">
      <Filter>Header Files</Filter>
    </ClInclude>
    <ClInclude Include="TestBehavior.h">
      <Filter>Header Files</Filter>
    </ClInclude>
    <ClInclude Include="HitChecker.h">
      <Filter>Header Files</Filter>
    </ClInclude>
    <ClInclude Include="ShaderChecker.h">
      <Filter>Header Files</Filter>
    </ClInclude>
    <ClInclude Include="SquareParticleEmitter.h">
      <Filter>Header Files</Filter>
    </ClInclude>
    <ClInclude Include="FluidSimulation.h">
      <Filter>Header Files</Filter>
    </ClInclude>
    <ClInclude Include="LogoSceneManager.h">
      <Filter>Header Files</Filter>
    </ClInclude>
    <ClInclude Include="ProtBuf\EngineEditorCommunicate.grpc.pb.h">
      <Filter>Header Files\ProtoBuf</Filter>
    </ClInclude>
    <ClInclude Include="ProtBuf\EngineEditorCommunicate.pb.h">
      <Filter>Header Files\ProtoBuf</Filter>
    </ClInclude>
    <ClInclude Include="Server\RuntimeServer.h">
      <Filter>Header Files\Server</Filter>
    </ClInclude>
    <ClInclude Include="ConfigManager.h">
      <Filter>Header Files</Filter>
    </ClInclude>
    <ClInclude Include="Pause.h">
      <Filter>Header Files</Filter>
    </ClInclude>
    <ClInclude Include="ArrowEffect.h">
      <Filter>Header Files</Filter>
    </ClInclude>
    <ClInclude Include="BackGround.h">
      <Filter>Header Files</Filter>
    </ClInclude>
    <ClInclude Include="Block.h">
      <Filter>Header Files</Filter>
    </ClInclude>
    <ClInclude Include="BurstManager.h">
      <Filter>Header Files</Filter>
    </ClInclude>
    <ClInclude Include="CameraController.h">
      <Filter>Header Files</Filter>
    </ClInclude>
    <ClInclude Include="DefaultGoal.h">
      <Filter>Header Files</Filter>
    </ClInclude>
    <ClInclude Include="EasyGoal.h">
      <Filter>Header Files</Filter>
    </ClInclude>
    <ClInclude Include="GameSettings.h">
      <Filter>Header Files</Filter>
    </ClInclude>
    <ClInclude Include="GoalAura.h">
      <Filter>Header Files</Filter>
    </ClInclude>
    <ClInclude Include="InvisibleBlockAura.h">
      <Filter>Header Files</Filter>
    </ClInclude>
    <ClInclude Include="InvisibleBlock.h">
      <Filter>Header Files</Filter>
    </ClInclude>
    <ClInclude Include="InvisibleBlockManager.h">
      <Filter>Header Files</Filter>
    </ClInclude>
    <ClInclude Include="Map.h">
      <Filter>Header Files</Filter>
    </ClInclude>
    <ClInclude Include="NumberManager.h">
      <Filter>Header Files</Filter>
    </ClInclude>
    <ClInclude Include="Player.h">
      <Filter>Header Files</Filter>
    </ClInclude>
    <ClInclude Include="Ripple.h">
      <Filter>Header Files</Filter>
    </ClInclude>
    <ClInclude Include="Shake.h">
      <Filter>Header Files</Filter>
    </ClInclude>
    <ClInclude Include="StageSelectManager.h">
      <Filter>Header Files</Filter>
    </ClInclude>
    <ClInclude Include="StartPlayerDirecting.h">
      <Filter>Header Files</Filter>
    </ClInclude>
    <ClInclude Include="ThanksSceneManager.h">
      <Filter>Header Files</Filter>
    </ClInclude>
    <ClInclude Include="TitleBlock.h">
      <Filter>Header Files</Filter>
    </ClInclude>
    <ClInclude Include="TitleSceneManager.h">
      <Filter>Header Files</Filter>
    </ClInclude>
    <ClInclude Include="InputManager.h">
      <Filter>Header Files</Filter>
    </ClInclude>
    <ClInclude Include="CameraMesh.h">
      <Filter>Header Files</Filter>
    </ClInclude>
    <ClInclude Include="NextStageBlock.h">
      <Filter>Header Files</Filter>
    </ClInclude>
    <ClInclude Include="StagePreviewParent.h">
      <Filter>Header Files</Filter>
    </ClInclude>
    <ClInclude Include="MapEditor.h">
      <Filter>Header Files</Filter>
    </ClInclude>
    <ClInclude Include="EyeBlock.h">
      <Filter>Header Files</Filter>
    </ClInclude>
    <ClInclude Include="Glass.h">
      <Filter>Header Files</Filter>
    </ClInclude>
    <ClInclude Include="SeenObject.h">
      <Filter>Header Files</Filter>
    </ClInclude>
    <ClInclude Include="FloatMotion.h">
      <Filter>Header Files</Filter>
    </ClInclude>
    <ClInclude Include="CubeAnimation.h">
      <Filter>Header Files</Filter>
    </ClInclude>
  </ItemGroup>
  <ItemGroup>
    <None Include="ProtBuf\EngineEditorCommunicate.proto">
      <Filter>Resource Files</Filter>
    </None>
    <None Include="..\output\UserSample\Debug\Resources\Application\ButiEngine.ini">
      <Filter>Resource Files</Filter>
    </None>
  </ItemGroup>
</Project>